# This file was autogenerated by Stack.
# You should not edit this file by hand.
# For more information, please see the documentation at:
#   https://docs.haskellstack.org/en/stable/lock_files

packages: []
snapshots:
- completed:
    size: 606336
    url: https://raw.githubusercontent.com/commercialhaskell/stackage-snapshots/master/nightly/2021/12/3.yaml
    sha256: 4c04bd24a5b8212694fbdb679985a1b35dba093742e2b8edd4ab17b4651ea24d
  original: nightly-2021-12-03
